
Microsoft Visual Studio Solution File, Format Version 12.00
# Visual Studio Version 17
VisualStudioVersion = 17.6.33829.357
MinimumVisualStudioVersion = 10.0.40219.1
Project("{FAE04EC0-301F-11D3-BF4B-00C04F79EFBC}") = "Sage50Connector", "Sage50Connector.csproj", "{1A2850F1-40CB-4F8F-9535-95DEFCD8983D}"
EndProject
Project("{54435603-DBB4-11D2-8724-00A0C9A8B90C}") = "Sage50ConnectorSetup", "Sage50ConnectorSetup\Sage50ConnectorSetup.vdproj", "{9B94E226-9E7B-4C92-A4FB-F6DFFC93C1B4}"
EndProject
Project("{FAE04EC0-301F-11D3-BF4B-00C04F79EFBC}") = "Sage50ConnectorService", "Sage50ConnectorService\Sage50ConnectorService.csproj", "{E90176AB-CFD0-423E-8720-2D512C0B3C36}"
EndProject
Global
	GlobalSection(SolutionConfigurationPlatforms) = preSolution
		All|Any CPU = All|Any CPU
		All|x64 = All|x64
		All|x86 = All|x86
		Debug|Any CPU = Debug|Any CPU
		Debug|x64 = Debug|x64
		Debug|x86 = Debug|x86
		DefaultBuild|Any CPU = DefaultBuild|Any CPU
		DefaultBuild|x64 = DefaultBuild|x64
		DefaultBuild|x86 = DefaultBuild|x86
		Release|Any CPU = Release|Any CPU
		Release|x64 = Release|x64
		Release|x86 = Release|x86
	EndGlobalSection
	GlobalSection(ProjectConfigurationPlatforms) = postSolution
		{1A2850F1-40CB-4F8F-9535-95DEFCD8983D}.All|Any CPU.ActiveCfg = Release|Any CPU
		{1A2850F1-40CB-4F8F-9535-95DEFCD8983D}.All|Any CPU.Build.0 = Release|Any CPU
		{1A2850F1-40CB-4F8F-9535-95DEFCD8983D}.All|x64.ActiveCfg = Debug|Any CPU
		{1A2850F1-40CB-4F8F-9535-95DEFCD8983D}.All|x64.Build.0 = Debug|Any CPU
		{1A2850F1-40CB-4F8F-9535-95DEFCD8983D}.All|x86.ActiveCfg = Debug|Any CPU
		{1A2850F1-40CB-4F8F-9535-95DEFCD8983D}.All|x86.Build.0 = Debug|Any CPU
		{1A2850F1-40CB-4F8F-9535-95DEFCD8983D}.Debug|Any CPU.ActiveCfg = Debug|Any CPU
		{1A2850F1-40CB-4F8F-9535-95DEFCD8983D}.Debug|Any CPU.Build.0 = Debug|Any CPU
		{1A2850F1-40CB-4F8F-9535-95DEFCD8983D}.Debug|x64.ActiveCfg = Debug|Any CPU
		{1A2850F1-40CB-4F8F-9535-95DEFCD8983D}.Debug|x64.Build.0 = Debug|Any CPU
		{1A2850F1-40CB-4F8F-9535-95DEFCD8983D}.Debug|x86.ActiveCfg = Debug|Any CPU
		{1A2850F1-40CB-4F8F-9535-95DEFCD8983D}.Debug|x86.Build.0 = Debug|Any CPU
		{1A2850F1-40CB-4F8F-9535-95DEFCD8983D}.DefaultBuild|Any CPU.ActiveCfg = Debug|Any CPU
		{1A2850F1-40CB-4F8F-9535-95DEFCD8983D}.DefaultBuild|Any CPU.Build.0 = Debug|Any CPU
		{1A2850F1-40CB-4F8F-9535-95DEFCD8983D}.DefaultBuild|x64.ActiveCfg = Debug|Any CPU
		{1A2850F1-40CB-4F8F-9535-95DEFCD8983D}.DefaultBuild|x64.Build.0 = Debug|Any CPU
		{1A2850F1-40CB-4F8F-9535-95DEFCD8983D}.DefaultBuild|x86.ActiveCfg = Debug|Any CPU
		{1A2850F1-40CB-4F8F-9535-95DEFCD8983D}.DefaultBuild|x86.Build.0 = Debug|Any CPU
		{1A2850F1-40CB-4F8F-9535-95DEFCD8983D}.Release|Any CPU.ActiveCfg = Release|Any CPU
		{1A2850F1-40CB-4F8F-9535-95DEFCD8983D}.Release|Any CPU.Build.0 = Release|Any CPU
		{1A2850F1-40CB-4F8F-9535-95DEFCD8983D}.Release|x64.ActiveCfg = Release|Any CPU
		{1A2850F1-40CB-4F8F-9535-95DEFCD8983D}.Release|x64.Build.0 = Release|Any CPU
		{1A2850F1-40CB-4F8F-9535-95DEFCD8983D}.Release|x86.ActiveCfg = Release|Any CPU
		{1A2850F1-40CB-4F8F-9535-95DEFCD8983D}.Release|x86.Build.0 = Release|Any CPU
		{9B94E226-9E7B-4C92-A4FB-F6DFFC93C1B4}.All|Any CPU.ActiveCfg = Debug
		{9B94E226-9E7B-4C92-A4FB-F6DFFC93C1B4}.All|x64.ActiveCfg = Debug
		{9B94E226-9E7B-4C92-A4FB-F6DFFC93C1B4}.All|x86.ActiveCfg = Debug
		{9B94E226-9E7B-4C92-A4FB-F6DFFC93C1B4}.Debug|Any CPU.ActiveCfg = Debug
		{9B94E226-9E7B-4C92-A4FB-F6DFFC93C1B4}.Debug|x64.ActiveCfg = Debug
		{9B94E226-9E7B-4C92-A4FB-F6DFFC93C1B4}.Debug|x86.ActiveCfg = Debug
		{9B94E226-9E7B-4C92-A4FB-F6DFFC93C1B4}.DefaultBuild|Any CPU.ActiveCfg = Debug
		{9B94E226-9E7B-4C92-A4FB-F6DFFC93C1B4}.DefaultBuild|x64.ActiveCfg = Debug
		{9B94E226-9E7B-4C92-A4FB-F6DFFC93C1B4}.DefaultBuild|x86.ActiveCfg = Debug
		{9B94E226-9E7B-4C92-A4FB-F6DFFC93C1B4}.Release|Any CPU.ActiveCfg = Release
		{9B94E226-9E7B-4C92-A4FB-F6DFFC93C1B4}.Release|x64.ActiveCfg = Release
		{9B94E226-9E7B-4C92-A4FB-F6DFFC93C1B4}.Release|x86.ActiveCfg = Release
		{E90176AB-CFD0-423E-8720-2D512C0B3C36}.All|Any CPU.ActiveCfg = Debug|Any CPU
		{E90176AB-CFD0-423E-8720-2D512C0B3C36}.All|Any CPU.Build.0 = Debug|Any CPU
		{E90176AB-CFD0-423E-8720-2D512C0B3C36}.All|x64.ActiveCfg = Debug|Any CPU
		{E90176AB-CFD0-423E-8720-2D512C0B3C36}.All|x64.Build.0 = Debug|Any CPU
		{E90176AB-CFD0-423E-8720-2D512C0B3C36}.All|x86.ActiveCfg = Debug|Any CPU
		{E90176AB-CFD0-423E-8720-2D512C0B3C36}.All|x86.Build.0 = Debug|Any CPU
		{E90176AB-CFD0-423E-8720-2D512C0B3C36}.Debug|Any CPU.ActiveCfg = Debug|Any CPU
		{E90176AB-CFD0-423E-8720-2D512C0B3C36}.Debug|Any CPU.Build.0 = Debug|Any CPU
		{E90176AB-CFD0-423E-8720-2D512C0B3C36}.Debug|x64.ActiveCfg = Debug|Any CPU
		{E90176AB-CFD0-423E-8720-2D512C0B3C36}.Debug|x64.Build.0 = Debug|Any CPU
		{E90176AB-CFD0-423E-8720-2D512C0B3C36}.Debug|x86.ActiveCfg = Debug|Any CPU
		{E90176AB-CFD0-423E-8720-2D512C0B3C36}.Debug|x86.Build.0 = Debug|Any CPU
		{E90176AB-CFD0-423E-8720-2D512C0B3C36}.DefaultBuild|Any CPU.ActiveCfg = Debug|Any CPU
		{E90176AB-CFD0-423E-8720-2D512C0B3C36}.DefaultBuild|Any CPU.Build.0 = Debug|Any CPU
		{E90176AB-CFD0-423E-8720-2D512C0B3C36}.DefaultBuild|x64.ActiveCfg = Debug|Any CPU
		{E90176AB-CFD0-423E-8720-2D512C0B3C36}.DefaultBuild|x64.Build.0 = Debug|Any CPU
		{E90176AB-CFD0-423E-8720-2D512C0B3C36}.DefaultBuild|x86.ActiveCfg = Debug|Any CPU
		{E90176AB-CFD0-423E-8720-2D512C0B3C36}.DefaultBuild|x86.Build.0 = Debug|Any CPU
		{E90176AB-CFD0-423E-8720-2D512C0B3C36}.Release|Any CPU.ActiveCfg = Release|Any CPU
		{E90176AB-CFD0-423E-8720-2D512C0B3C36}.Release|Any CPU.Build.0 = Release|Any CPU
		{E90176AB-CFD0-423E-8720-2D512C0B3C36}.Release|x64.ActiveCfg = Release|Any CPU
		{E90176AB-CFD0-423E-8720-2D512C0B3C36}.Release|x64.Build.0 = Release|Any CPU
		{E90176AB-CFD0-423E-8720-2D512C0B3C36}.Release|x86.ActiveCfg = Release|Any CPU
		{E90176AB-CFD0-423E-8720-2D512C0B3C36}.Release|x86.Build.0 = Release|Any CPU
	EndGlobalSection
	GlobalSection(SolutionProperties) = preSolution
		HideSolutionNode = FALSE
	EndGlobalSection
	GlobalSection(ExtensibilityGlobals) = postSolution
		SolutionGuid = {0F02A700-4B85-456B-B4D2-3658410A16DB}
	EndGlobalSection
EndGlobal
